
Microsoft Visual Studio Solution File, Format Version 12.00
# Visual Studio Version 17
VisualStudioVersion = 17.14.36301.6 d17.14
MinimumVisualStudioVersion = 10.0.40219.1
Project("{FAE04EC0-301F-11D3-BF4B-00C04F79EFBC}") = "EmployeeManagement", "EmployeeManagement.csproj", "{0EC1B2B0-B046-44E4-9709-E9469B850434}"
EndProject
Global
	GlobalSection(SolutionConfigurationPlatforms) = preSolution
		Debug|Any CPU = Debug|Any CPU
		Release|Any CPU = Release|Any CPU
	EndGlobalSection
	GlobalSection(ProjectConfigurationPlatforms) = postSolution
		{0EC1B2B0-B046-44E4-9709-E9469B850434}.Debug|Any CPU.ActiveCfg = Debug|Any CPU
		{0EC1B2B0-B046-44E4-9709-E9469B850434}.Debug|Any CPU.Build.0 = Debug|Any CPU
		{0EC1B2B0-B046-44E4-9709-E9469B850434}.Release|Any CPU.ActiveCfg = Release|Any CPU
		{0EC1B2B0-B046-44E4-9709-E9469B850434}.Release|Any CPU.Build.0 = Release|Any CPU
	EndGlobalSection
	GlobalSection(SolutionProperties) = preSolution
		HideSolutionNode = FALSE
	EndGlobalSection
	GlobalSection(ExtensibilityGlobals) = postSolution
		SolutionGuid = {E477C945-5402-420B-835A-EF6D474C0D9D}
	EndGlobalSection
EndGlobal
